
Microsoft Visual Studio Solution File, Format Version 12.00
# Visual Studio 15
VisualStudioVersion = 15.0.27703.2042
MinimumVisualStudioVersion = 10.0.40219.1
Project("{FAE04EC0-301F-11D3-BF4B-00C04F79EFBC}") = "BatteryServiceApp", "BatteryServiceApp\BatteryServiceApp.csproj", "{494BF2A7-640F-4C74-A2E7-26C8D775D108}"
EndProject
Project("{FAE04EC0-301F-11D3-BF4B-00C04F79EFBC}") = "Invoice", "Invoice\Invoice.csproj", "{19668662-F3FB-4BF5-AAE4-26019952FF12}"
EndProject
Global
	GlobalSection(SolutionConfigurationPlatforms) = preSolution
		Debug|Any CPU = Debug|Any CPU
		Release|Any CPU = Release|Any CPU
	EndGlobalSection
	GlobalSection(ProjectConfigurationPlatforms) = postSolution
		{494BF2A7-640F-4C74-A2E7-26C8D775D108}.Debug|Any CPU.ActiveCfg = Debug|Any CPU
		{494BF2A7-640F-4C74-A2E7-26C8D775D108}.Debug|Any CPU.Build.0 = Debug|Any CPU
		{494BF2A7-640F-4C74-A2E7-26C8D775D108}.Release|Any CPU.ActiveCfg = Release|Any CPU
		{494BF2A7-640F-4C74-A2E7-26C8D775D108}.Release|Any CPU.Build.0 = Release|Any CPU
		{19668662-F3FB-4BF5-AAE4-26019952FF12}.Debug|Any CPU.ActiveCfg = Debug|Any CPU
		{19668662-F3FB-4BF5-AAE4-26019952FF12}.Debug|Any CPU.Build.0 = Debug|Any CPU
		{19668662-F3FB-4BF5-AAE4-26019952FF12}.Release|Any CPU.ActiveCfg = Release|Any CPU
		{19668662-F3FB-4BF5-AAE4-26019952FF12}.Release|Any CPU.Build.0 = Release|Any CPU
	EndGlobalSection
	GlobalSection(SolutionProperties) = preSolution
		HideSolutionNode = FALSE
	EndGlobalSection
	GlobalSection(ExtensibilityGlobals) = postSolution
		SolutionGuid = {DD59CC60-C18D-4DC4-8342-E2091DBC1724}
	EndGlobalSection
EndGlobal
